
Microsoft Visual Studio Solution File, Format Version 12.00
Project("{FAE04EC0-301F-11D3-BF4B-00C04F79EFBC}") = "SchoolNavigatorAPI", "SchoolNavigatorAPI\SchoolNavigatorAPI.csproj", "{BBB3297F-E2EF-4DFB-9D51-F2BCF838608F}"
EndProject
Global
	GlobalSection(SolutionConfigurationPlatforms) = preSolution
		Debug|Any CPU = Debug|Any CPU
		Release|Any CPU = Release|Any CPU
	EndGlobalSection
	GlobalSection(ProjectConfigurationPlatforms) = postSolution
		{BBB3297F-E2EF-4DFB-9D51-F2BCF838608F}.Debug|Any CPU.ActiveCfg = Debug|Any CPU
		{BBB3297F-E2EF-4DFB-9D51-F2BCF838608F}.Debug|Any CPU.Build.0 = Debug|Any CPU
		{BBB3297F-E2EF-4DFB-9D51-F2BCF838608F}.Release|Any CPU.ActiveCfg = Release|Any CPU
		{BBB3297F-E2EF-4DFB-9D51-F2BCF838608F}.Release|Any CPU.Build.0 = Release|Any CPU
	EndGlobalSection
EndGlobal
